# This file is automatically @generated by Cargo.
# It is not intended for manual editing.
version = 3

[[package]]
name = "deux"
version = "0.1.0"
dependencies = [
 "duex_lexer",
 "duex_parser",
]

[[package]]
name = "duex_cli"
version = "0.1.0"
dependencies = [
 "duex_lexer",
]

[[package]]
name = "duex_lexer"
version = "0.1.0"
dependencies = [
 "duex_parser",
]

[[package]]
name = "duex_parser"
version = "0.1.0"
